
Microsoft Visual Studio Solution File, Format Version 12.00
# Visual Studio Version 17
VisualStudioVersion = 17.11.35222.181
MinimumVisualStudioVersion = 10.0.40219.1
Project("{8BC9CEB8-8B4A-11D0-8D11-00A0C91BC942}") = "Project2", "Project2.vcxproj", "{2C0B9F5A-14BC-4A70-97BD-6CDB80E21208}"
EndProject
Global
	GlobalSection(SolutionConfigurationPlatforms) = preSolution
		Debug|x64 = Debug|x64
		Debug|x86 = Debug|x86
		Release|x64 = Release|x64
		Release|x86 = Release|x86
	EndGlobalSection
	GlobalSection(ProjectConfigurationPlatforms) = postSolution
		{2C0B9F5A-14BC-4A70-97BD-6CDB80E21208}.Debug|x64.ActiveCfg = Debug|x64
		{2C0B9F5A-14BC-4A70-97BD-6CDB80E21208}.Debug|x64.Build.0 = Debug|x64
		{2C0B9F5A-14BC-4A70-97BD-6CDB80E21208}.Debug|x86.ActiveCfg = Debug|Win32
		{2C0B9F5A-14BC-4A70-97BD-6CDB80E21208}.Debug|x86.Build.0 = Debug|Win32
		{2C0B9F5A-14BC-4A70-97BD-6CDB80E21208}.Release|x64.ActiveCfg = Release|x64
		{2C0B9F5A-14BC-4A70-97BD-6CDB80E21208}.Release|x64.Build.0 = Release|x64
		{2C0B9F5A-14BC-4A70-97BD-6CDB80E21208}.Release|x86.ActiveCfg = Release|Win32
		{2C0B9F5A-14BC-4A70-97BD-6CDB80E21208}.Release|x86.Build.0 = Release|Win32
	EndGlobalSection
	GlobalSection(SolutionProperties) = preSolution
		HideSolutionNode = FALSE
	EndGlobalSection
	GlobalSection(ExtensibilityGlobals) = postSolution
		SolutionGuid = {38FB82B0-DEBF-4277-A2D0-412B2DFFE7EF}
	EndGlobalSection
EndGlobal
